
Microsoft Visual Studio Solution File, Format Version 12.00
# Visual Studio 2013
Project("{FAE04EC0-301F-11D3-BF4B-00C04F79EFBC}") = "UnityVS.Game.git.CSharp", "UnityVS.Game.git.CSharp.csproj", "{AB3832C0-A94A-C630-9AF1-A169D595E984}"
EndProject
Project("{FAE04EC0-301F-11D3-BF4B-00C04F79EFBC}") = "UnityVS.Game.git.CSharp.Editor", "UnityVS.Game.git.CSharp.Editor.csproj", "{F2124236-7B8B-06A1-B63E-B4A74429110B}"
EndProject
Global
	GlobalSection(SolutionConfigurationPlatforms) = preSolution
		Debug|Any CPU = Debug|Any CPU
		Release|Any CPU = Release|Any CPU
	EndGlobalSection
	GlobalSection(ProjectConfigurationPlatforms) = postSolution
		{AB3832C0-A94A-C630-9AF1-A169D595E984}.Debug|Any CPU.ActiveCfg = Debug|Any CPU
		{AB3832C0-A94A-C630-9AF1-A169D595E984}.Debug|Any CPU.Build.0 = Debug|Any CPU
		{AB3832C0-A94A-C630-9AF1-A169D595E984}.Release|Any CPU.ActiveCfg = Release|Any CPU
		{AB3832C0-A94A-C630-9AF1-A169D595E984}.Release|Any CPU.Build.0 = Release|Any CPU
		{F2124236-7B8B-06A1-B63E-B4A74429110B}.Debug|Any CPU.ActiveCfg = Debug|Any CPU
		{F2124236-7B8B-06A1-B63E-B4A74429110B}.Debug|Any CPU.Build.0 = Debug|Any CPU
		{F2124236-7B8B-06A1-B63E-B4A74429110B}.Release|Any CPU.ActiveCfg = Release|Any CPU
		{F2124236-7B8B-06A1-B63E-B4A74429110B}.Release|Any CPU.Build.0 = Release|Any CPU
	EndGlobalSection
	GlobalSection(SolutionProperties) = preSolution
		HideSolutionNode = FALSE
	EndGlobalSection
EndGlobal
